
Microsoft Visual Studio Solution File, Format Version 12.00
# Visual Studio Version 16
VisualStudioVersion = 16.0.29318.209
MinimumVisualStudioVersion = 10.0.40219.1
Project("{9A19103F-16F7-4668-BE54-9A1E7A4F7556}") = "LibBoardGames", "BoardGames\LibBoardGames.csproj", "{F587C3D4-2D1C-4E4B-A170-1250349CABF0}"
EndProject
Project("{9A19103F-16F7-4668-BE54-9A1E7A4F7556}") = "UnitTests", "UnitTests\UnitTests.csproj", "{1BA64CD9-1CAD-427E-8D01-3D3998FE5463}"
EndProject
Project("{9A19103F-16F7-4668-BE54-9A1E7A4F7556}") = "Play", "Play\Play.csproj", "{2B73E649-9143-4DDB-A690-0D0DFE4A2099}"
EndProject
Project("{2150E333-8FDC-42A3-9474-1A3956D46DE8}") = "Assets", "Assets", "{FD00CC9E-6D1A-4E61-97E2-3E51C0ED4283}"
	ProjectSection(SolutionItems) = preProject
		Assets\POV-Ray\O.png = Assets\POV-Ray\O.png
		Assets\POV-Ray\X.png = Assets\POV-Ray\X.png
	EndProjectSection
EndProject
Project("{2150E333-8FDC-42A3-9474-1A3956D46DE8}") = "POV", "POV", "{A2258C46-8D4B-41F3-A413-2A1FC889D86B}"
	ProjectSection(SolutionItems) = preProject
		Assets\POV-Ray\O.pov = Assets\POV-Ray\O.pov
		Assets\POV-Ray\X.pov = Assets\POV-Ray\X.pov
	EndProjectSection
EndProject
Global
	GlobalSection(SolutionConfigurationPlatforms) = preSolution
		Debug|Any CPU = Debug|Any CPU
		Debug|ARM = Debug|ARM
		Debug|ARM64 = Debug|ARM64
		Debug|x64 = Debug|x64
		Debug|x86 = Debug|x86
		Release|Any CPU = Release|Any CPU
		Release|ARM = Release|ARM
		Release|ARM64 = Release|ARM64
		Release|x64 = Release|x64
		Release|x86 = Release|x86
	EndGlobalSection
	GlobalSection(ProjectConfigurationPlatforms) = postSolution
		{F587C3D4-2D1C-4E4B-A170-1250349CABF0}.Debug|Any CPU.ActiveCfg = Debug|Any CPU
		{F587C3D4-2D1C-4E4B-A170-1250349CABF0}.Debug|Any CPU.Build.0 = Debug|Any CPU
		{F587C3D4-2D1C-4E4B-A170-1250349CABF0}.Debug|ARM.ActiveCfg = Debug|Any CPU
		{F587C3D4-2D1C-4E4B-A170-1250349CABF0}.Debug|ARM.Build.0 = Debug|Any CPU
		{F587C3D4-2D1C-4E4B-A170-1250349CABF0}.Debug|ARM64.ActiveCfg = Debug|Any CPU
		{F587C3D4-2D1C-4E4B-A170-1250349CABF0}.Debug|ARM64.Build.0 = Debug|Any CPU
		{F587C3D4-2D1C-4E4B-A170-1250349CABF0}.Debug|x64.ActiveCfg = Debug|Any CPU
		{F587C3D4-2D1C-4E4B-A170-1250349CABF0}.Debug|x64.Build.0 = Debug|Any CPU
		{F587C3D4-2D1C-4E4B-A170-1250349CABF0}.Debug|x86.ActiveCfg = Debug|Any CPU
		{F587C3D4-2D1C-4E4B-A170-1250349CABF0}.Debug|x86.Build.0 = Debug|Any CPU
		{F587C3D4-2D1C-4E4B-A170-1250349CABF0}.Release|Any CPU.ActiveCfg = Release|Any CPU
		{F587C3D4-2D1C-4E4B-A170-1250349CABF0}.Release|Any CPU.Build.0 = Release|Any CPU
		{F587C3D4-2D1C-4E4B-A170-1250349CABF0}.Release|ARM.ActiveCfg = Release|Any CPU
		{F587C3D4-2D1C-4E4B-A170-1250349CABF0}.Release|ARM.Build.0 = Release|Any CPU
		{F587C3D4-2D1C-4E4B-A170-1250349CABF0}.Release|ARM64.ActiveCfg = Release|Any CPU
		{F587C3D4-2D1C-4E4B-A170-1250349CABF0}.Release|ARM64.Build.0 = Release|Any CPU
		{F587C3D4-2D1C-4E4B-A170-1250349CABF0}.Release|x64.ActiveCfg = Release|Any CPU
		{F587C3D4-2D1C-4E4B-A170-1250349CABF0}.Release|x64.Build.0 = Release|Any CPU
		{F587C3D4-2D1C-4E4B-A170-1250349CABF0}.Release|x86.ActiveCfg = Release|Any CPU
		{F587C3D4-2D1C-4E4B-A170-1250349CABF0}.Release|x86.Build.0 = Release|Any CPU
		{1BA64CD9-1CAD-427E-8D01-3D3998FE5463}.Debug|Any CPU.ActiveCfg = Debug|Any CPU
		{1BA64CD9-1CAD-427E-8D01-3D3998FE5463}.Debug|Any CPU.Build.0 = Debug|Any CPU
		{1BA64CD9-1CAD-427E-8D01-3D3998FE5463}.Debug|ARM.ActiveCfg = Debug|Any CPU
		{1BA64CD9-1CAD-427E-8D01-3D3998FE5463}.Debug|ARM.Build.0 = Debug|Any CPU
		{1BA64CD9-1CAD-427E-8D01-3D3998FE5463}.Debug|ARM64.ActiveCfg = Debug|Any CPU
		{1BA64CD9-1CAD-427E-8D01-3D3998FE5463}.Debug|ARM64.Build.0 = Debug|Any CPU
		{1BA64CD9-1CAD-427E-8D01-3D3998FE5463}.Debug|x64.ActiveCfg = Debug|Any CPU
		{1BA64CD9-1CAD-427E-8D01-3D3998FE5463}.Debug|x64.Build.0 = Debug|Any CPU
		{1BA64CD9-1CAD-427E-8D01-3D3998FE5463}.Debug|x86.ActiveCfg = Debug|Any CPU
		{1BA64CD9-1CAD-427E-8D01-3D3998FE5463}.Debug|x86.Build.0 = Debug|Any CPU
		{1BA64CD9-1CAD-427E-8D01-3D3998FE5463}.Release|Any CPU.ActiveCfg = Release|Any CPU
		{1BA64CD9-1CAD-427E-8D01-3D3998FE5463}.Release|Any CPU.Build.0 = Release|Any CPU
		{1BA64CD9-1CAD-427E-8D01-3D3998FE5463}.Release|ARM.ActiveCfg = Release|Any CPU
		{1BA64CD9-1CAD-427E-8D01-3D3998FE5463}.Release|ARM.Build.0 = Release|Any CPU
		{1BA64CD9-1CAD-427E-8D01-3D3998FE5463}.Release|ARM64.ActiveCfg = Release|Any CPU
		{1BA64CD9-1CAD-427E-8D01-3D3998FE5463}.Release|ARM64.Build.0 = Release|Any CPU
		{1BA64CD9-1CAD-427E-8D01-3D3998FE5463}.Release|x64.ActiveCfg = Release|Any CPU
		{1BA64CD9-1CAD-427E-8D01-3D3998FE5463}.Release|x64.Build.0 = Release|Any CPU
		{1BA64CD9-1CAD-427E-8D01-3D3998FE5463}.Release|x86.ActiveCfg = Release|Any CPU
		{1BA64CD9-1CAD-427E-8D01-3D3998FE5463}.Release|x86.Build.0 = Release|Any CPU
		{2B73E649-9143-4DDB-A690-0D0DFE4A2099}.Debug|Any CPU.ActiveCfg = Debug|Any CPU
		{2B73E649-9143-4DDB-A690-0D0DFE4A2099}.Debug|Any CPU.Build.0 = Debug|Any CPU
		{2B73E649-9143-4DDB-A690-0D0DFE4A2099}.Debug|ARM.ActiveCfg = Debug|Any CPU
		{2B73E649-9143-4DDB-A690-0D0DFE4A2099}.Debug|ARM.Build.0 = Debug|Any CPU
		{2B73E649-9143-4DDB-A690-0D0DFE4A2099}.Debug|ARM64.ActiveCfg = Debug|Any CPU
		{2B73E649-9143-4DDB-A690-0D0DFE4A2099}.Debug|ARM64.Build.0 = Debug|Any CPU
		{2B73E649-9143-4DDB-A690-0D0DFE4A2099}.Debug|x64.ActiveCfg = Debug|Any CPU
		{2B73E649-9143-4DDB-A690-0D0DFE4A2099}.Debug|x64.Build.0 = Debug|Any CPU
		{2B73E649-9143-4DDB-A690-0D0DFE4A2099}.Debug|x86.ActiveCfg = Debug|Any CPU
		{2B73E649-9143-4DDB-A690-0D0DFE4A2099}.Debug|x86.Build.0 = Debug|Any CPU
		{2B73E649-9143-4DDB-A690-0D0DFE4A2099}.Release|Any CPU.ActiveCfg = Release|Any CPU
		{2B73E649-9143-4DDB-A690-0D0DFE4A2099}.Release|Any CPU.Build.0 = Release|Any CPU
		{2B73E649-9143-4DDB-A690-0D0DFE4A2099}.Release|ARM.ActiveCfg = Release|Any CPU
		{2B73E649-9143-4DDB-A690-0D0DFE4A2099}.Release|ARM.Build.0 = Release|Any CPU
		{2B73E649-9143-4DDB-A690-0D0DFE4A2099}.Release|ARM64.ActiveCfg = Release|Any CPU
		{2B73E649-9143-4DDB-A690-0D0DFE4A2099}.Release|ARM64.Build.0 = Release|Any CPU
		{2B73E649-9143-4DDB-A690-0D0DFE4A2099}.Release|x64.ActiveCfg = Release|Any CPU
		{2B73E649-9143-4DDB-A690-0D0DFE4A2099}.Release|x64.Build.0 = Release|Any CPU
		{2B73E649-9143-4DDB-A690-0D0DFE4A2099}.Release|x86.ActiveCfg = Release|Any CPU
		{2B73E649-9143-4DDB-A690-0D0DFE4A2099}.Release|x86.Build.0 = Release|Any CPU
	EndGlobalSection
	GlobalSection(SolutionProperties) = preSolution
		HideSolutionNode = FALSE
	EndGlobalSection
	GlobalSection(NestedProjects) = preSolution
		{A2258C46-8D4B-41F3-A413-2A1FC889D86B} = {FD00CC9E-6D1A-4E61-97E2-3E51C0ED4283}
	EndGlobalSection
	GlobalSection(ExtensibilityGlobals) = postSolution
		SolutionGuid = {F318B46A-BC82-46B4-9247-9987765D287E}
	EndGlobalSection
EndGlobal
